
Microsoft Visual Studio Solution File, Format Version 12.00
# Visual Studio 15
VisualStudioVersion = 15.0.27703.2042
MinimumVisualStudioVersion = 10.0.40219.1
Project("{F184B08F-C81C-45F6-A57F-5ABD9991F28F}") = "OrderSoftExample", "OrderSoftExample\OrderSoftExample.vbproj", "{E8BCD39D-0EBA-479E-9A34-4681B5B80803}"
EndProject
Project("{9A19103F-16F7-4668-BE54-9A1E7A4F7556}") = "ordersoft-client-cs", "ordersoft-client-cs\ordersoft-client-cs.csproj", "{9BA10496-30EF-411D-AACB-5FAA3389E36F}"
EndProject
Global
	GlobalSection(SolutionConfigurationPlatforms) = preSolution
		Debug|Any CPU = Debug|Any CPU
		Release|Any CPU = Release|Any CPU
	EndGlobalSection
	GlobalSection(ProjectConfigurationPlatforms) = postSolution
		{E8BCD39D-0EBA-479E-9A34-4681B5B80803}.Debug|Any CPU.ActiveCfg = Debug|Any CPU
		{E8BCD39D-0EBA-479E-9A34-4681B5B80803}.Debug|Any CPU.Build.0 = Debug|Any CPU
		{E8BCD39D-0EBA-479E-9A34-4681B5B80803}.Release|Any CPU.ActiveCfg = Release|Any CPU
		{E8BCD39D-0EBA-479E-9A34-4681B5B80803}.Release|Any CPU.Build.0 = Release|Any CPU
		{9BA10496-30EF-411D-AACB-5FAA3389E36F}.Debug|Any CPU.ActiveCfg = Debug|Any CPU
		{9BA10496-30EF-411D-AACB-5FAA3389E36F}.Debug|Any CPU.Build.0 = Debug|Any CPU
		{9BA10496-30EF-411D-AACB-5FAA3389E36F}.Release|Any CPU.ActiveCfg = Release|Any CPU
		{9BA10496-30EF-411D-AACB-5FAA3389E36F}.Release|Any CPU.Build.0 = Release|Any CPU
	EndGlobalSection
	GlobalSection(SolutionProperties) = preSolution
		HideSolutionNode = FALSE
	EndGlobalSection
	GlobalSection(ExtensibilityGlobals) = postSolution
		SolutionGuid = {CEFB9E49-2345-4A5E-9B32-700AD6B222E2}
	EndGlobalSection
EndGlobal
